{
    "_readme": [
        "This file locks the dependencies of your project to a known state",
        "Read more about it at https://getcomposer.org/doc/01-basic-usage.md#composer-lock-the-lock-file",
        "This file is @generated automatically"
    ],
    "hash": "fe3602eb240bb006b6db3c89c45ec205",
    "content-hash": "5d837906d708610a409531efc6245328",
    "packages": [
        {
            "name": "calderawp/cf-edd-fields",
            "version": "1.0.1",
            "source": {
                "type": "git",
                "url": "https://github.com/CalderaWP/cf-edd-fields",
                "reference": "307926c5e9d674473cd6bf0db3274b6af42b9e32"
            },
            "require": {
                "php": ">=5.4.0"
            },
            "type": "library",
            "autoload": {
                "psr-4": {
                    "calderawp\\cfeddfields\\": "src"
                }
            },
            "license": [
                "GPL-2.0+"
            ],
            "authors": [
                {
                    "name": "Josh Pollock",
                    "homepage": "https://JoshPress.net",
                    "role": "Developer"
                }
            ],
            "description": "Field auto-population shared between",
            "time": "2017-01-10 17:08:48"
        }
    ],
    "packages-dev": [],
    "aliases": [],
    "minimum-stability": "dev",
    "stability-flags": [],
    "prefer-stable": true,
    "prefer-lowest": false,
    "platform": [],
    "platform-dev": []
}
